
Microsoft Visual Studio Solution File, Format Version 12.00
# Visual Studio Version 17
VisualStudioVersion = 17.8.34525.116
MinimumVisualStudioVersion = 10.0.40219.1
Project("{8BC9CEB8-8B4A-11D0-8D11-00A0C91BC942}") = "S14", "S14.vcxproj", "{16F952F3-B6D9-4645-BE56-90F50BBE1C49}"
EndProject
Global
	GlobalSection(SolutionConfigurationPlatforms) = preSolution
		Debug|x64 = Debug|x64
		Debug|x86 = Debug|x86
		Release|x64 = Release|x64
		Release|x86 = Release|x86
	EndGlobalSection
	GlobalSection(ProjectConfigurationPlatforms) = postSolution
		{16F952F3-B6D9-4645-BE56-90F50BBE1C49}.Debug|x64.ActiveCfg = Debug|x64
		{16F952F3-B6D9-4645-BE56-90F50BBE1C49}.Debug|x64.Build.0 = Debug|x64
		{16F952F3-B6D9-4645-BE56-90F50BBE1C49}.Debug|x86.ActiveCfg = Debug|Win32
		{16F952F3-B6D9-4645-BE56-90F50BBE1C49}.Debug|x86.Build.0 = Debug|Win32
		{16F952F3-B6D9-4645-BE56-90F50BBE1C49}.Release|x64.ActiveCfg = Release|x64
		{16F952F3-B6D9-4645-BE56-90F50BBE1C49}.Release|x64.Build.0 = Release|x64
		{16F952F3-B6D9-4645-BE56-90F50BBE1C49}.Release|x86.ActiveCfg = Release|Win32
		{16F952F3-B6D9-4645-BE56-90F50BBE1C49}.Release|x86.Build.0 = Release|Win32
	EndGlobalSection
	GlobalSection(SolutionProperties) = preSolution
		HideSolutionNode = FALSE
	EndGlobalSection
	GlobalSection(ExtensibilityGlobals) = postSolution
		SolutionGuid = {F2C6B2AF-7A86-40C6-A821-71ABA0127C6C}
	EndGlobalSection
EndGlobal
